
Microsoft Visual Studio Solution File, Format Version 12.00
# Visual Studio Version 17
VisualStudioVersion = 17.11.35327.3
MinimumVisualStudioVersion = 10.0.40219.1
Project("{2150E333-8FDC-42A3-9474-1A3956D46DE8}") = "Src", "Src", "{E4402113-6F4B-4850-B8D1-85BFAAD114CE}"
EndProject
Project("{FAE04EC0-301F-11D3-BF4B-00C04F79EFBC}") = "Persistence", "Persistence\Persistence.csproj", "{AAD87A89-7907-466C-B104-C95294EA39B3}"
EndProject
Project("{FAE04EC0-301F-11D3-BF4B-00C04F79EFBC}") = "Domain", "Domain\Domain.csproj", "{ACF5BB51-2A10-46E4-98B0-4379DA374078}"
EndProject
Project("{FAE04EC0-301F-11D3-BF4B-00C04F79EFBC}") = "Application", "Application\Application.csproj", "{978D53C6-03D1-44B3-B87B-5F3E9909B61B}"
EndProject
Project("{FAE04EC0-301F-11D3-BF4B-00C04F79EFBC}") = "Web", "Web\Web.csproj", "{06228B9C-2BAC-4106-A23F-7C478F115D7D}"
EndProject
Global
	GlobalSection(SolutionConfigurationPlatforms) = preSolution
		Debug|Any CPU = Debug|Any CPU
		Release|Any CPU = Release|Any CPU
	EndGlobalSection
	GlobalSection(ProjectConfigurationPlatforms) = postSolution
		{AAD87A89-7907-466C-B104-C95294EA39B3}.Debug|Any CPU.ActiveCfg = Debug|Any CPU
		{AAD87A89-7907-466C-B104-C95294EA39B3}.Debug|Any CPU.Build.0 = Debug|Any CPU
		{AAD87A89-7907-466C-B104-C95294EA39B3}.Release|Any CPU.ActiveCfg = Release|Any CPU
		{AAD87A89-7907-466C-B104-C95294EA39B3}.Release|Any CPU.Build.0 = Release|Any CPU
		{ACF5BB51-2A10-46E4-98B0-4379DA374078}.Debug|Any CPU.ActiveCfg = Debug|Any CPU
		{ACF5BB51-2A10-46E4-98B0-4379DA374078}.Debug|Any CPU.Build.0 = Debug|Any CPU
		{ACF5BB51-2A10-46E4-98B0-4379DA374078}.Release|Any CPU.ActiveCfg = Release|Any CPU
		{ACF5BB51-2A10-46E4-98B0-4379DA374078}.Release|Any CPU.Build.0 = Release|Any CPU
		{978D53C6-03D1-44B3-B87B-5F3E9909B61B}.Debug|Any CPU.ActiveCfg = Debug|Any CPU
		{978D53C6-03D1-44B3-B87B-5F3E9909B61B}.Debug|Any CPU.Build.0 = Debug|Any CPU
		{978D53C6-03D1-44B3-B87B-5F3E9909B61B}.Release|Any CPU.ActiveCfg = Release|Any CPU
		{978D53C6-03D1-44B3-B87B-5F3E9909B61B}.Release|Any CPU.Build.0 = Release|Any CPU
		{06228B9C-2BAC-4106-A23F-7C478F115D7D}.Debug|Any CPU.ActiveCfg = Debug|Any CPU
		{06228B9C-2BAC-4106-A23F-7C478F115D7D}.Debug|Any CPU.Build.0 = Debug|Any CPU
		{06228B9C-2BAC-4106-A23F-7C478F115D7D}.Release|Any CPU.ActiveCfg = Release|Any CPU
		{06228B9C-2BAC-4106-A23F-7C478F115D7D}.Release|Any CPU.Build.0 = Release|Any CPU
	EndGlobalSection
	GlobalSection(SolutionProperties) = preSolution
		HideSolutionNode = FALSE
	EndGlobalSection
	GlobalSection(NestedProjects) = preSolution
		{AAD87A89-7907-466C-B104-C95294EA39B3} = {E4402113-6F4B-4850-B8D1-85BFAAD114CE}
		{ACF5BB51-2A10-46E4-98B0-4379DA374078} = {E4402113-6F4B-4850-B8D1-85BFAAD114CE}
		{978D53C6-03D1-44B3-B87B-5F3E9909B61B} = {E4402113-6F4B-4850-B8D1-85BFAAD114CE}
		{06228B9C-2BAC-4106-A23F-7C478F115D7D} = {E4402113-6F4B-4850-B8D1-85BFAAD114CE}
	EndGlobalSection
	GlobalSection(ExtensibilityGlobals) = postSolution
		SolutionGuid = {AF29FA22-EA72-4E37-90E4-401360F6482D}
	EndGlobalSection
EndGlobal
